// !$*UTF8*$!
{
	archiveVersion = 1;
	classes = {
	};
	objectVersion = 50;
	objects = {

/* Begin PBXBuildFile section */
		657B0546270FA64900DDCEFC /* ConversationViewController.swift in Sources */ = {isa = PBXBuildFile; fileRef = 657B0545270FA64900DDCEFC /* ConversationViewController.swift */; };
		657B0549270FA80800DDCEFC /* MessageTableViewCell.swift in Sources */ = {isa = PBXBuildFile; fileRef = 657B0547270FA80800DDCEFC /* MessageTableViewCell.swift */; };
		657B054A270FA80800DDCEFC /* MessageTableViewCell.xib in Resources */ = {isa = PBXBuildFile; fileRef = 657B0548270FA80800DDCEFC /* MessageTableViewCell.xib */; };
		682FACD3270F3EB200D61F0F /* ConversationsListViewController.swift in Sources */ = {isa = PBXBuildFile; fileRef = 682FACD2270F3EB200D61F0F /* ConversationsListViewController.swift */; };
		682FACD6270F419D00D61F0F /* ChatTableViewCell.swift in Sources */ = {isa = PBXBuildFile; fileRef = 682FACD4270F419D00D61F0F /* ChatTableViewCell.swift */; };
		682FACD7270F419D00D61F0F /* ChatTableViewCell.xib in Resources */ = {isa = PBXBuildFile; fileRef = 682FACD5270F419D00D61F0F /* ChatTableViewCell.xib */; };
		684DD694271F0C9300A41B4F /* ThemesViewController.swift in Sources */ = {isa = PBXBuildFile; fileRef = 684DD693271F0C9200A41B4F /* ThemesViewController.swift */; };
		68688B8D2701D84600A99164 /* AppDelegate.swift in Sources */ = {isa = PBXBuildFile; fileRef = 68688B8C2701D84600A99164 /* AppDelegate.swift */; };
		68688B912701D84600A99164 /* ProfileViewController.swift in Sources */ = {isa = PBXBuildFile; fileRef = 68688B902701D84600A99164 /* ProfileViewController.swift */; };
		68688B942701D84600A99164 /* Main.storyboard in Resources */ = {isa = PBXBuildFile; fileRef = 68688B922701D84600A99164 /* Main.storyboard */; };
		68688B962701D84A00A99164 /* Assets.xcassets in Resources */ = {isa = PBXBuildFile; fileRef = 68688B952701D84A00A99164 /* Assets.xcassets */; };
		68688B992701D84A00A99164 /* LaunchScreen.storyboard in Resources */ = {isa = PBXBuildFile; fileRef = 68688B972701D84A00A99164 /* LaunchScreen.storyboard */; };
/* End PBXBuildFile section */

/* Begin PBXFileReference section */
		657B0545270FA64900DDCEFC /* ConversationViewController.swift */ = {isa = PBXFileReference; lastKnownFileType = sourcecode.swift; path = ConversationViewController.swift; sourceTree = "<group>"; };
		657B0547270FA80800DDCEFC /* MessageTableViewCell.swift */ = {isa = PBXFileReference; lastKnownFileType = sourcecode.swift; path = MessageTableViewCell.swift; sourceTree = "<group>"; };
		657B0548270FA80800DDCEFC /* MessageTableViewCell.xib */ = {isa = PBXFileReference; lastKnownFileType = file.xib; path = MessageTableViewCell.xib; sourceTree = "<group>"; };
		682FACD2270F3EB200D61F0F /* ConversationsListViewController.swift */ = {isa = PBXFileReference; lastKnownFileType = sourcecode.swift; path = ConversationsListViewController.swift; sourceTree = "<group>"; };
		682FACD4270F419D00D61F0F /* ChatTableViewCell.swift */ = {isa = PBXFileReference; lastKnownFileType = sourcecode.swift; path = ChatTableViewCell.swift; sourceTree = "<group>"; };
		682FACD5270F419D00D61F0F /* ChatTableViewCell.xib */ = {isa = PBXFileReference; lastKnownFileType = file.xib; path = ChatTableViewCell.xib; sourceTree = "<group>"; };
		684DD693271F0C9200A41B4F /* ThemesViewController.swift */ = {isa = PBXFileReference; lastKnownFileType = sourcecode.swift; path = ThemesViewController.swift; sourceTree = "<group>"; };
		68688B892701D84600A99164 /* Messenger.app */ = {isa = PBXFileReference; explicitFileType = wrapper.application; includeInIndex = 0; path = Messenger.app; sourceTree = BUILT_PRODUCTS_DIR; };
		68688B8C2701D84600A99164 /* AppDelegate.swift */ = {isa = PBXFileReference; lastKnownFileType = sourcecode.swift; path = AppDelegate.swift; sourceTree = "<group>"; };
		68688B902701D84600A99164 /* ProfileViewController.swift */ = {isa = PBXFileReference; lastKnownFileType = sourcecode.swift; path = ProfileViewController.swift; sourceTree = "<group>"; };
		68688B932701D84600A99164 /* Base */ = {isa = PBXFileReference; lastKnownFileType = file.storyboard; name = Base; path = Base.lproj/Main.storyboard; sourceTree = "<group>"; };
		68688B952701D84A00A99164 /* Assets.xcassets */ = {isa = PBXFileReference; lastKnownFileType = folder.assetcatalog; path = Assets.xcassets; sourceTree = "<group>"; };
		68688B982701D84A00A99164 /* Base */ = {isa = PBXFileReference; lastKnownFileType = file.storyboard; name = Base; path = Base.lproj/LaunchScreen.storyboard; sourceTree = "<group>"; };
		68688B9A2701D84A00A99164 /* Info.plist */ = {isa = PBXFileReference; lastKnownFileType = text.plist.xml; path = Info.plist; sourceTree = "<group>"; };
/* End PBXFileReference section */

/* Begin PBXFrameworksBuildPhase section */
		68688B862701D84600A99164 /* Frameworks */ = {
			isa = PBXFrameworksBuildPhase;
			buildActionMask = 2147483647;
			files = (
			);
			runOnlyForDeploymentPostprocessing = 0;
		};
/* End PBXFrameworksBuildPhase section */

/* Begin PBXGroup section */
		657B0544270FA60A00DDCEFC /* Conversation */ = {
			isa = PBXGroup;
			children = (
				657B0545270FA64900DDCEFC /* ConversationViewController.swift */,
				657B0547270FA80800DDCEFC /* MessageTableViewCell.swift */,
				657B0548270FA80800DDCEFC /* MessageTableViewCell.xib */,
			);
			name = Conversation;
			path = ConversationsList;
			sourceTree = "<group>";
		};
		682FACD9270F41F700D61F0F /* Controllers */ = {
			isa = PBXGroup;
			children = (
				68688B902701D84600A99164 /* ProfileViewController.swift */,
				684DD693271F0C9200A41B4F /* ThemesViewController.swift */,
				682FACDA270F429100D61F0F /* ConversationsList */,
				657B0544270FA60A00DDCEFC /* Conversation */,
			);
			path = Controllers;
			sourceTree = "<group>";
		};
		682FACDA270F429100D61F0F /* ConversationsList */ = {
			isa = PBXGroup;
			children = (
				682FACD2270F3EB200D61F0F /* ConversationsListViewController.swift */,
				682FACD4270F419D00D61F0F /* ChatTableViewCell.swift */,
				682FACD5270F419D00D61F0F /* ChatTableViewCell.xib */,
			);
			path = ConversationsList;
			sourceTree = "<group>";
		};
		68688B802701D84600A99164 = {
			isa = PBXGroup;
			children = (
				68688B8B2701D84600A99164 /* Messenger */,
				68688B8A2701D84600A99164 /* Products */,
			);
			sourceTree = "<group>";
		};
		68688B8A2701D84600A99164 /* Products */ = {
			isa = PBXGroup;
			children = (
				68688B892701D84600A99164 /* Messenger.app */,
			);
			name = Products;
			sourceTree = "<group>";
		};
		68688B8B2701D84600A99164 /* Messenger */ = {
			isa = PBXGroup;
			children = (
				68688B8C2701D84600A99164 /* AppDelegate.swift */,
				682FACD9270F41F700D61F0F /* Controllers */,
				68688B952701D84A00A99164 /* Assets.xcassets */,
				68688B922701D84600A99164 /* Main.storyboard */,
				68688B972701D84A00A99164 /* LaunchScreen.storyboard */,
				68688B9A2701D84A00A99164 /* Info.plist */,
			);
			path = Messenger;
			sourceTree = "<group>";
		};
/* End PBXGroup section */

/* Begin PBXNativeTarget section */
		68688B882701D84600A99164 /* Messenger */ = {
			isa = PBXNativeTarget;
			buildConfigurationList = 68688B9D2701D84A00A99164 /* Build configuration list for PBXNativeTarget "Messenger" */;
			buildPhases = (
				68688B852701D84600A99164 /* Sources */,
				68688B862701D84600A99164 /* Frameworks */,
				68688B872701D84600A99164 /* Resources */,
			);
			buildRules = (
			);
			dependencies = (
			);
			name = Messenger;
			productName = Messenger;
			productReference = 68688B892701D84600A99164 /* Messenger.app */;
			productType = "com.apple.product-type.application";
		};
/* End PBXNativeTarget section */

/* Begin PBXProject section */
		68688B812701D84600A99164 /* Project object */ = {
			isa = PBXProject;
			attributes = {
				LastSwiftUpdateCheck = 1250;
				LastUpgradeCheck = 1250;
				TargetAttributes = {
					68688B882701D84600A99164 = {
						CreatedOnToolsVersion = 12.5;
					};
				};
			};
			buildConfigurationList = 68688B842701D84600A99164 /* Build configuration list for PBXProject "Messenger" */;
			compatibilityVersion = "Xcode 9.3";
			developmentRegion = en;
			hasScannedForEncodings = 0;
			knownRegions = (
				en,
				Base,
			);
			mainGroup = 68688B802701D84600A99164;
			productRefGroup = 68688B8A2701D84600A99164 /* Products */;
			projectDirPath = "";
			projectRoot = "";
			targets = (
				68688B882701D84600A99164 /* Messenger */,
			);
		};
/* End PBXProject section */

/* Begin PBXResourcesBuildPhase section */
		68688B872701D84600A99164 /* Resources */ = {
			isa = PBXResourcesBuildPhase;
			buildActionMask = 2147483647;
			files = (
				68688B992701D84A00A99164 /* LaunchScreen.storyboard in Resources */,
				682FACD7270F419D00D61F0F /* ChatTableViewCell.xib in Resources */,
				657B054A270FA80800DDCEFC /* MessageTableViewCell.xib in Resources */,
				68688B962701D84A00A99164 /* Assets.xcassets in Resources */,
				68688B942701D84600A99164 /* Main.storyboard in Resources */,
			);
			runOnlyForDeploymentPostprocessing = 0;
		};
/* End PBXResourcesBuildPhase section */

/* Begin PBXSourcesBuildPhase section */
		68688B852701D84600A99164 /* Sources */ = {
			isa = PBXSourcesBuildPhase;
			buildActionMask = 2147483647;
			files = (
				682FACD3270F3EB200D61F0F /* ConversationsListViewController.swift in Sources */,
				682FACD6270F419D00D61F0F /* ChatTableViewCell.swift in Sources */,
				657B0546270FA64900DDCEFC /* ConversationViewController.swift in Sources */,
				68688B912701D84600A99164 /* ProfileViewController.swift in Sources */,
				68688B8D2701D84600A99164 /* AppDelegate.swift in Sources */,
				657B0549270FA80800DDCEFC /* MessageTableViewCell.swift in Sources */,
				684DD694271F0C9300A41B4F /* ThemesViewController.swift in Sources */,
			);
			runOnlyForDeploymentPostprocessing = 0;
		};
/* End PBXSourcesBuildPhase section */

/* Begin PBXVariantGroup section */
		68688B922701D84600A99164 /* Main.storyboard */ = {
			isa = PBXVariantGroup;
			children = (
				68688B932701D84600A99164 /* Base */,
			);
			name = Main.storyboard;
			sourceTree = "<group>";
		};
		68688B972701D84A00A99164 /* LaunchScreen.storyboard */ = {
			isa = PBXVariantGroup;
			children = (
				68688B982701D84A00A99164 /* Base */,
			);
			name = LaunchScreen.storyboard;
			sourceTree = "<group>";
		};
/* End PBXVariantGroup section */

/* Begin XCBuildConfiguration section */
		68688B9B2701D84A00A99164 /* Debug */ = {
			isa = XCBuildConfiguration;
			buildSettings = {
				ALWAYS_SEARCH_USER_PATHS = NO;
				CLANG_ANALYZER_NONNULL = YES;
				CLANG_ANALYZER_NUMBER_OBJECT_CONVERSION = YES_AGGRESSIVE;
				CLANG_CXX_LANGUAGE_STANDARD = "gnu++14";
				CLANG_CXX_LIBRARY = "libc++";
				CLANG_ENABLE_MODULES = YES;
				CLANG_ENABLE_OBJC_ARC = YES;
				CLANG_ENABLE_OBJC_WEAK = YES;
				CLANG_WARN_BLOCK_CAPTURE_AUTORELEASING = YES;
				CLANG_WARN_BOOL_CONVERSION = YES;
				CLANG_WARN_COMMA = YES;
				CLANG_WARN_CONSTANT_CONVERSION = YES;
				CLANG_WARN_DEPRECATED_OBJC_IMPLEMENTATIONS = YES;
				CLANG_WARN_DIRECT_OBJC_ISA_USAGE = YES_ERROR;
				CLANG_WARN_DOCUMENTATION_COMMENTS = YES;
				CLANG_WARN_EMPTY_BODY = YES;
				CLANG_WARN_ENUM_CONVERSION = YES;
				CLANG_WARN_INFINITE_RECURSION = YES;
				CLANG_WARN_INT_CONVERSION = YES;
				CLANG_WARN_NON_LITERAL_NULL_CONVERSION = YES;
				CLANG_WARN_OBJC_IMPLICIT_RETAIN_SELF = YES;
				CLANG_WARN_OBJC_LITERAL_CONVERSION = YES;
				CLANG_WARN_OBJC_ROOT_CLASS = YES_ERROR;
				CLANG_WARN_QUOTED_INCLUDE_IN_FRAMEWORK_HEADER = YES;
				CLANG_WARN_RANGE_LOOP_ANALYSIS = YES;
				CLANG_WARN_STRICT_PROTOTYPES = YES;
				CLANG_WARN_SUSPICIOUS_MOVE = YES;
				CLANG_WARN_UNGUARDED_AVAILABILITY = YES_AGGRESSIVE;
				CLANG_WARN_UNREACHABLE_CODE = YES;
				CLANG_WARN__DUPLICATE_METHOD_MATCH = YES;
				COPY_PHASE_STRIP = NO;
				DEBUG_INFORMATION_FORMAT = dwarf;
				ENABLE_STRICT_OBJC_MSGSEND = YES;
				ENABLE_TESTABILITY = YES;
				GCC_C_LANGUAGE_STANDARD = gnu11;
				GCC_DYNAMIC_NO_PIC = NO;
				GCC_NO_COMMON_BLOCKS = YES;
				GCC_OPTIMIZATION_LEVEL = 0;
				GCC_PREPROCESSOR_DEFINITIONS = (
					"DEBUG=1",
					"$(inherited)",
				);
				GCC_WARN_64_TO_32_BIT_CONVERSION = YES;
				GCC_WARN_ABOUT_RETURN_TYPE = YES_ERROR;
				GCC_WARN_UNDECLARED_SELECTOR = YES;
				GCC_WARN_UNINITIALIZED_AUTOS = YES_AGGRESSIVE;
				GCC_WARN_UNUSED_FUNCTION = YES;
				GCC_WARN_UNUSED_VARIABLE = YES;
				IPHONEOS_DEPLOYMENT_TARGET = 14.5;
				MTL_ENABLE_DEBUG_INFO = INCLUDE_SOURCE;
				MTL_FAST_MATH = YES;
				ONLY_ACTIVE_ARCH = YES;
				SDKROOT = iphoneos;
				SWIFT_ACTIVE_COMPILATION_CONDITIONS = DEBUG;
				SWIFT_OPTIMIZATION_LEVEL = "-Onone";
			};
			name = Debug;
		};
		68688B9C2701D84A00A99164 /* Release */ = {
			isa = XCBuildConfiguration;
			buildSettings = {
				ALWAYS_SEARCH_USER_PATHS = NO;
				CLANG_ANALYZER_NONNULL = YES;
				CLANG_ANALYZER_NUMBER_OBJECT_CONVERSION = YES_AGGRESSIVE;
				CLANG_CXX_LANGUAGE_STANDARD = "gnu++14";
				CLANG_CXX_LIBRARY = "libc++";
				CLANG_ENABLE_MODULES = YES;
				CLANG_ENABLE_OBJC_ARC = YES;
				CLANG_ENABLE_OBJC_WEAK = YES;
				CLANG_WARN_BLOCK_CAPTURE_AUTORELEASING = YES;
				CLANG_WARN_BOOL_CONVERSION = YES;
				CLANG_WARN_COMMA = YES;
				CLANG_WARN_CONSTANT_CONVERSION = YES;
				CLANG_WARN_DEPRECATED_OBJC_IMPLEMENTATIONS = YES;
				CLANG_WARN_DIRECT_OBJC_ISA_USAGE = YES_ERROR;
				CLANG_WARN_DOCUMENTATION_COMMENTS = YES;
				CLANG_WARN_EMPTY_BODY = YES;
				CLANG_WARN_ENUM_CONVERSION = YES;
				CLANG_WARN_INFINITE_RECURSION = YES;
				CLANG_WARN_INT_CONVERSION = YES;
				CLANG_WARN_NON_LITERAL_NULL_CONVERSION = YES;
				CLANG_WARN_OBJC_IMPLICIT_RETAIN_SELF = YES;
				CLANG_WARN_OBJC_LITERAL_CONVERSION = YES;
				CLANG_WARN_OBJC_ROOT_CLASS = YES_ERROR;
				CLANG_WARN_QUOTED_INCLUDE_IN_FRAMEWORK_HEADER = YES;
				CLANG_WARN_RANGE_LOOP_ANALYSIS = YES;
				CLANG_WARN_STRICT_PROTOTYPES = YES;
				CLANG_WARN_SUSPICIOUS_MOVE = YES;
				CLANG_WARN_UNGUARDED_AVAILABILITY = YES_AGGRESSIVE;
				CLANG_WARN_UNREACHABLE_CODE = YES;
				CLANG_WARN__DUPLICATE_METHOD_MATCH = YES;
				COPY_PHASE_STRIP = NO;
				DEBUG_INFORMATION_FORMAT = "dwarf-with-dsym";
				ENABLE_NS_ASSERTIONS = NO;
				ENABLE_STRICT_OBJC_MSGSEND = YES;
				GCC_C_LANGUAGE_STANDARD = gnu11;
				GCC_NO_COMMON_BLOCKS = YES;
				GCC_WARN_64_TO_32_BIT_CONVERSION = YES;
				GCC_WARN_ABOUT_RETURN_TYPE = YES_ERROR;
				GCC_WARN_UNDECLARED_SELECTOR = YES;
				GCC_WARN_UNINITIALIZED_AUTOS = YES_AGGRESSIVE;
				GCC_WARN_UNUSED_FUNCTION = YES;
				GCC_WARN_UNUSED_VARIABLE = YES;
				IPHONEOS_DEPLOYMENT_TARGET = 14.5;
				MTL_ENABLE_DEBUG_INFO = NO;
				MTL_FAST_MATH = YES;
				SDKROOT = iphoneos;
				SWIFT_COMPILATION_MODE = wholemodule;
				SWIFT_OPTIMIZATION_LEVEL = "-O";
				VALIDATE_PRODUCT = YES;
			};
			name = Release;
		};
		68688B9E2701D84A00A99164 /* Debug */ = {
			isa = XCBuildConfiguration;
			buildSettings = {
				ASSETCATALOG_COMPILER_APPICON_NAME = AppIcon;
				ASSETCATALOG_COMPILER_GLOBAL_ACCENT_COLOR_NAME = AccentColor;
				CODE_SIGN_STYLE = Automatic;
				DEVELOPMENT_TEAM = K7PWTVJYTB;
				INFOPLIST_FILE = Messenger/Info.plist;
				IPHONEOS_DEPLOYMENT_TARGET = 12.1;
				LD_RUNPATH_SEARCH_PATHS = (
					"$(inherited)",
					"@executable_path/Frameworks",
				);
				PRODUCT_BUNDLE_IDENTIFIER = com.skarry.Messenger;
				PRODUCT_NAME = "$(TARGET_NAME)";
				SWIFT_VERSION = 5.0;
				TARGETED_DEVICE_FAMILY = 1;
			};
			name = Debug;
		};
		68688B9F2701D84A00A99164 /* Release */ = {
			isa = XCBuildConfiguration;
			buildSettings = {
				ASSETCATALOG_COMPILER_APPICON_NAME = AppIcon;
				ASSETCATALOG_COMPILER_GLOBAL_ACCENT_COLOR_NAME = AccentColor;
				CODE_SIGN_STYLE = Automatic;
				DEVELOPMENT_TEAM = K7PWTVJYTB;
				INFOPLIST_FILE = Messenger/Info.plist;
				IPHONEOS_DEPLOYMENT_TARGET = 12.1;
				LD_RUNPATH_SEARCH_PATHS = (
					"$(inherited)",
					"@executable_path/Frameworks",
				);
				PRODUCT_BUNDLE_IDENTIFIER = com.skarry.Messenger;
				PRODUCT_NAME = "$(TARGET_NAME)";
				SWIFT_VERSION = 5.0;
				TARGETED_DEVICE_FAMILY = 1;
			};
			name = Release;
		};
/* End XCBuildConfiguration section */

/* Begin XCConfigurationList section */
		68688B842701D84600A99164 /* Build configuration list for PBXProject "Messenger" */ = {
			isa = XCConfigurationList;
			buildConfigurations = (
				68688B9B2701D84A00A99164 /* Debug */,
				68688B9C2701D84A00A99164 /* Release */,
			);
			defaultConfigurationIsVisible = 0;
			defaultConfigurationName = Release;
		};
		68688B9D2701D84A00A99164 /* Build configuration list for PBXNativeTarget "Messenger" */ = {
			isa = XCConfigurationList;
			buildConfigurations = (
				68688B9E2701D84A00A99164 /* Debug */,
				68688B9F2701D84A00A99164 /* Release */,
			);
			defaultConfigurationIsVisible = 0;
			defaultConfigurationName = Release;
		};
/* End XCConfigurationList section */
	};
	rootObject = 68688B812701D84600A99164 /* Project object */;
}
